
Microsoft Visual Studio Solution File, Format Version 12.00
# Visual Studio Version 17
VisualStudioVersion = 17.5.33414.496
MinimumVisualStudioVersion = 10.0.40219.1
Project("{9A19103F-16F7-4668-BE54-9A1E7A4F7556}") = "MechWeb", "MechWeb\MechWeb.csproj", "{EAB20F57-7AAC-4999-BA80-9EF0F950F995}"
EndProject
Global
	GlobalSection(SolutionConfigurationPlatforms) = preSolution
		Debug|Any CPU = Debug|Any CPU
		Release|Any CPU = Release|Any CPU
	EndGlobalSection
	GlobalSection(ProjectConfigurationPlatforms) = postSolution
		{EAB20F57-7AAC-4999-BA80-9EF0F950F995}.Debug|Any CPU.ActiveCfg = Debug|Any CPU
		{EAB20F57-7AAC-4999-BA80-9EF0F950F995}.Debug|Any CPU.Build.0 = Debug|Any CPU
		{EAB20F57-7AAC-4999-BA80-9EF0F950F995}.Release|Any CPU.ActiveCfg = Release|Any CPU
		{EAB20F57-7AAC-4999-BA80-9EF0F950F995}.Release|Any CPU.Build.0 = Release|Any CPU
	EndGlobalSection
	GlobalSection(SolutionProperties) = preSolution
		HideSolutionNode = FALSE
	EndGlobalSection
	GlobalSection(ExtensibilityGlobals) = postSolution
		SolutionGuid = {DE531516-E91D-4360-AC8C-B50A03FCE125}
	EndGlobalSection
EndGlobal
